
Microsoft Visual Studio Solution File, Format Version 12.00
# Visual Studio Version 16
VisualStudioVersion = 16.0.31702.278
MinimumVisualStudioVersion = 10.0.40219.1
Project("{FAE04EC0-301F-11D3-BF4B-00C04F79EFBC}") = "Tyme Engine", "Tyme Engine\Tyme Engine.csproj", "{DBE0D43B-C5B2-44C9-B49A-22A3986B4C47}"
EndProject
Global
	GlobalSection(SolutionConfigurationPlatforms) = preSolution
		Debug|Any CPU = Debug|Any CPU
		Debug|x64 = Debug|x64
		Release|Any CPU = Release|Any CPU
		Release|x64 = Release|x64
		ReleaseGame|Any CPU = ReleaseGame|Any CPU
		ReleaseGame|x64 = ReleaseGame|x64
	EndGlobalSection
	GlobalSection(ProjectConfigurationPlatforms) = postSolution
		{DBE0D43B-C5B2-44C9-B49A-22A3986B4C47}.Debug|Any CPU.ActiveCfg = Release|Any CPU
		{DBE0D43B-C5B2-44C9-B49A-22A3986B4C47}.Debug|Any CPU.Build.0 = Release|Any CPU
		{DBE0D43B-C5B2-44C9-B49A-22A3986B4C47}.Debug|x64.ActiveCfg = Debug|x64
		{DBE0D43B-C5B2-44C9-B49A-22A3986B4C47}.Debug|x64.Build.0 = Debug|x64
		{DBE0D43B-C5B2-44C9-B49A-22A3986B4C47}.Release|Any CPU.ActiveCfg = Release|Any CPU
		{DBE0D43B-C5B2-44C9-B49A-22A3986B4C47}.Release|Any CPU.Build.0 = Release|Any CPU
		{DBE0D43B-C5B2-44C9-B49A-22A3986B4C47}.Release|x64.ActiveCfg = Release|x64
		{DBE0D43B-C5B2-44C9-B49A-22A3986B4C47}.Release|x64.Build.0 = Release|x64
		{DBE0D43B-C5B2-44C9-B49A-22A3986B4C47}.ReleaseGame|Any CPU.ActiveCfg = ReleaseGame|Any CPU
		{DBE0D43B-C5B2-44C9-B49A-22A3986B4C47}.ReleaseGame|Any CPU.Build.0 = ReleaseGame|Any CPU
		{DBE0D43B-C5B2-44C9-B49A-22A3986B4C47}.ReleaseGame|x64.ActiveCfg = ReleaseGame|x64
		{DBE0D43B-C5B2-44C9-B49A-22A3986B4C47}.ReleaseGame|x64.Build.0 = ReleaseGame|x64
	EndGlobalSection
	GlobalSection(SolutionProperties) = preSolution
		HideSolutionNode = FALSE
	EndGlobalSection
	GlobalSection(ExtensibilityGlobals) = postSolution
		SolutionGuid = {F9404311-3669-4A09-A6E2-B1BAD83F5A7E}
	EndGlobalSection
EndGlobal
